
Microsoft Visual Studio Solution File, Format Version 12.00
# Visual Studio 2013
VisualStudioVersion = 12.0.21005.1
MinimumVisualStudioVersion = 10.0.40219.1
Project("{FAE04EC0-301F-11D3-BF4B-00C04F79EFBC}") = "School Managment System", "School Managment System\School Managment System.csproj", "{1A6D39F1-B5A2-46BB-B489-5B0EAA24094E}"
EndProject
Global
	GlobalSection(SolutionConfigurationPlatforms) = preSolution
		Debug|Any CPU = Debug|Any CPU
		Release|Any CPU = Release|Any CPU
	EndGlobalSection
	GlobalSection(ProjectConfigurationPlatforms) = postSolution
		{1A6D39F1-B5A2-46BB-B489-5B0EAA24094E}.Debug|Any CPU.ActiveCfg = Debug|Any CPU
		{1A6D39F1-B5A2-46BB-B489-5B0EAA24094E}.Debug|Any CPU.Build.0 = Debug|Any CPU
		{1A6D39F1-B5A2-46BB-B489-5B0EAA24094E}.Release|Any CPU.ActiveCfg = Release|Any CPU
		{1A6D39F1-B5A2-46BB-B489-5B0EAA24094E}.Release|Any CPU.Build.0 = Release|Any CPU
	EndGlobalSection
	GlobalSection(SolutionProperties) = preSolution
		HideSolutionNode = FALSE
	EndGlobalSection
EndGlobal
